
Microsoft Visual Studio Solution File, Format Version 12.00
# Visual Studio Version 17
VisualStudioVersion = 17.13.35931.197 d17.13
MinimumVisualStudioVersion = 10.0.40219.1
Project("{FAE04EC0-301F-11D3-BF4B-00C04F79EFBC}") = "Demo.Elasticsearch", "Demo.Elasticsearch\Demo.Elasticsearch.csproj", "{93B6F622-2EFC-4338-A13F-DC02D7D1EA40}"
EndProject
Global
	GlobalSection(SolutionConfigurationPlatforms) = preSolution
		Debug|Any CPU = Debug|Any CPU
		Release|Any CPU = Release|Any CPU
	EndGlobalSection
	GlobalSection(ProjectConfigurationPlatforms) = postSolution
		{93B6F622-2EFC-4338-A13F-DC02D7D1EA40}.Debug|Any CPU.ActiveCfg = Debug|Any CPU
		{93B6F622-2EFC-4338-A13F-DC02D7D1EA40}.Debug|Any CPU.Build.0 = Debug|Any CPU
		{93B6F622-2EFC-4338-A13F-DC02D7D1EA40}.Release|Any CPU.ActiveCfg = Release|Any CPU
		{93B6F622-2EFC-4338-A13F-DC02D7D1EA40}.Release|Any CPU.Build.0 = Release|Any CPU
	EndGlobalSection
	GlobalSection(SolutionProperties) = preSolution
		HideSolutionNode = FALSE
	EndGlobalSection
	GlobalSection(ExtensibilityGlobals) = postSolution
		SolutionGuid = {584389C3-4B77-471B-B3DE-EAB1C6D84411}
	EndGlobalSection
EndGlobal
